
Microsoft Visual Studio Solution File, Format Version 12.00
# Visual Studio Version 17
VisualStudioVersion = 17.5.33627.172
MinimumVisualStudioVersion = 10.0.40219.1
Project("{FAE04EC0-301F-11D3-BF4B-00C04F79EFBC}") = "NotePad2", "NotePad2\NotePad2.csproj", "{93101246-3CE6-4162-BCC3-0087017C3705}"
EndProject
Global
	GlobalSection(SolutionConfigurationPlatforms) = preSolution
		Debug|Any CPU = Debug|Any CPU
		Release|Any CPU = Release|Any CPU
	EndGlobalSection
	GlobalSection(ProjectConfigurationPlatforms) = postSolution
		{93101246-3CE6-4162-BCC3-0087017C3705}.Debug|Any CPU.ActiveCfg = Debug|Any CPU
		{93101246-3CE6-4162-BCC3-0087017C3705}.Debug|Any CPU.Build.0 = Debug|Any CPU
		{93101246-3CE6-4162-BCC3-0087017C3705}.Release|Any CPU.ActiveCfg = Release|Any CPU
		{93101246-3CE6-4162-BCC3-0087017C3705}.Release|Any CPU.Build.0 = Release|Any CPU
	EndGlobalSection
	GlobalSection(SolutionProperties) = preSolution
		HideSolutionNode = FALSE
	EndGlobalSection
	GlobalSection(ExtensibilityGlobals) = postSolution
		SolutionGuid = {8A98E6DF-A343-4D4E-9881-1B532CAD9EE8}
	EndGlobalSection
EndGlobal
